// !$*UTF8*$!
{
	archiveVersion = 1;
	classes = {
	};
	objectVersion = 56;
	objects = {

/* Begin PBXBuildFile section */
		28452FFC2A961F3500FF0536 /* VideoDetailView.swift in Sources */ = {isa = PBXBuildFile; fileRef = 28452FFB2A961F3500FF0536 /* VideoDetailView.swift */; };
		2868405E2A8B8C0500F7C2F9 /* listStarterApp.swift in Sources */ = {isa = PBXBuildFile; fileRef = 2868405D2A8B8C0500F7C2F9 /* listStarterApp.swift */; };
		286840602A8B8C0500F7C2F9 /* VideoListView.swift in Sources */ = {isa = PBXBuildFile; fileRef = 2868405F2A8B8C0500F7C2F9 /* VideoListView.swift */; };
		286840662A8B8C0600F7C2F9 /* Preview Assets.xcassets in Resources */ = {isa = PBXBuildFile; fileRef = 286840652A8B8C0600F7C2F9 /* Preview Assets.xcassets */; };
		286840702A8B8C0600F7C2F9 /* listStarterTests.swift in Sources */ = {isa = PBXBuildFile; fileRef = 2868406F2A8B8C0600F7C2F9 /* listStarterTests.swift */; };
		2868407A2A8B8C0600F7C2F9 /* listStarterUITests.swift in Sources */ = {isa = PBXBuildFile; fileRef = 286840792A8B8C0600F7C2F9 /* listStarterUITests.swift */; };
		2868407C2A8B8C0600F7C2F9 /* listStarterUITestsLaunchTests.swift in Sources */ = {isa = PBXBuildFile; fileRef = 2868407B2A8B8C0600F7C2F9 /* listStarterUITestsLaunchTests.swift */; };
		286840892A8B8D6500F7C2F9 /* Video.swift in Sources */ = {isa = PBXBuildFile; fileRef = 286840882A8B8D6500F7C2F9 /* Video.swift */; };
		2868408B2A8B8D7400F7C2F9 /* Assets.xcassets in Resources */ = {isa = PBXBuildFile; fileRef = 2868408A2A8B8D7400F7C2F9 /* Assets.xcassets */; };
/* End PBXBuildFile section */

/* Begin PBXContainerItemProxy section */
		2868406C2A8B8C0600F7C2F9 /* PBXContainerItemProxy */ = {
			isa = PBXContainerItemProxy;
			containerPortal = 286840522A8B8C0500F7C2F9 /* Project object */;
			proxyType = 1;
			remoteGlobalIDString = 286840592A8B8C0500F7C2F9;
			remoteInfo = listStarter;
		};
		286840762A8B8C0600F7C2F9 /* PBXContainerItemProxy */ = {
			isa = PBXContainerItemProxy;
			containerPortal = 286840522A8B8C0500F7C2F9 /* Project object */;
			proxyType = 1;
			remoteGlobalIDString = 286840592A8B8C0500F7C2F9;
			remoteInfo = listStarter;
		};
/* End PBXContainerItemProxy section */

/* Begin PBXFileReference section */
		28452FFB2A961F3500FF0536 /* VideoDetailView.swift */ = {isa = PBXFileReference; lastKnownFileType = sourcecode.swift; path = VideoDetailView.swift; sourceTree = "<group>"; };
		2868405A2A8B8C0500F7C2F9 /* listStarter.app */ = {isa = PBXFileReference; explicitFileType = wrapper.application; includeInIndex = 0; path = listStarter.app; sourceTree = BUILT_PRODUCTS_DIR; };
		2868405D2A8B8C0500F7C2F9 /* listStarterApp.swift */ = {isa = PBXFileReference; lastKnownFileType = sourcecode.swift; path = listStarterApp.swift; sourceTree = "<group>"; };
		2868405F2A8B8C0500F7C2F9 /* VideoListView.swift */ = {isa = PBXFileReference; lastKnownFileType = sourcecode.swift; path = VideoListView.swift; sourceTree = "<group>"; };
		286840632A8B8C0600F7C2F9 /* listStarter.entitlements */ = {isa = PBXFileReference; lastKnownFileType = text.plist.entitlements; path = listStarter.entitlements; sourceTree = "<group>"; };
		286840652A8B8C0600F7C2F9 /* Preview Assets.xcassets */ = {isa = PBXFileReference; lastKnownFileType = folder.assetcatalog; path = "Preview Assets.xcassets"; sourceTree = "<group>"; };
		2868406B2A8B8C0600F7C2F9 /* listStarterTests.xctest */ = {isa = PBXFileReference; explicitFileType = wrapper.cfbundle; includeInIndex = 0; path = listStarterTests.xctest; sourceTree = BUILT_PRODUCTS_DIR; };
		2868406F2A8B8C0600F7C2F9 /* listStarterTests.swift */ = {isa = PBXFileReference; lastKnownFileType = sourcecode.swift; path = listStarterTests.swift; sourceTree = "<group>"; };
		286840752A8B8C0600F7C2F9 /* listStarterUITests.xctest */ = {isa = PBXFileReference; explicitFileType = wrapper.cfbundle; includeInIndex = 0; path = listStarterUITests.xctest; sourceTree = BUILT_PRODUCTS_DIR; };
		286840792A8B8C0600F7C2F9 /* listStarterUITests.swift */ = {isa = PBXFileReference; lastKnownFileType = sourcecode.swift; path = listStarterUITests.swift; sourceTree = "<group>"; };
		2868407B2A8B8C0600F7C2F9 /* listStarterUITestsLaunchTests.swift */ = {isa = PBXFileReference; lastKnownFileType = sourcecode.swift; path = listStarterUITestsLaunchTests.swift; sourceTree = "<group>"; };
		286840882A8B8D6500F7C2F9 /* Video.swift */ = {isa = PBXFileReference; fileEncoding = 4; lastKnownFileType = sourcecode.swift; path = Video.swift; sourceTree = "<group>"; };
		2868408A2A8B8D7400F7C2F9 /* Assets.xcassets */ = {isa = PBXFileReference; lastKnownFileType = folder.assetcatalog; name = Assets.xcassets; path = "../../../SwiftUI-List-Starter/Assets.xcassets"; sourceTree = "<group>"; };
/* End PBXFileReference section */

/* Begin PBXFrameworksBuildPhase section */
		286840572A8B8C0500F7C2F9 /* Frameworks */ = {
			isa = PBXFrameworksBuildPhase;
			buildActionMask = 2147483647;
			files = (
			);
			runOnlyForDeploymentPostprocessing = 0;
		};
		286840682A8B8C0600F7C2F9 /* Frameworks */ = {
			isa = PBXFrameworksBuildPhase;
			buildActionMask = 2147483647;
			files = (
			);
			runOnlyForDeploymentPostprocessing = 0;
		};
		286840722A8B8C0600F7C2F9 /* Frameworks */ = {
			isa = PBXFrameworksBuildPhase;
			buildActionMask = 2147483647;
			files = (
			);
			runOnlyForDeploymentPostprocessing = 0;
		};
/* End PBXFrameworksBuildPhase section */

/* Begin PBXGroup section */
		286840512A8B8C0500F7C2F9 = {
			isa = PBXGroup;
			children = (
				2868405C2A8B8C0500F7C2F9 /* listStarter */,
				2868406E2A8B8C0600F7C2F9 /* listStarterTests */,
				286840782A8B8C0600F7C2F9 /* listStarterUITests */,
				2868405B2A8B8C0500F7C2F9 /* Products */,
			);
			sourceTree = "<group>";
		};
		2868405B2A8B8C0500F7C2F9 /* Products */ = {
			isa = PBXGroup;
			children = (
				2868405A2A8B8C0500F7C2F9 /* listStarter.app */,
				2868406B2A8B8C0600F7C2F9 /* listStarterTests.xctest */,
				286840752A8B8C0600F7C2F9 /* listStarterUITests.xctest */,
			);
			name = Products;
			sourceTree = "<group>";
		};
		2868405C2A8B8C0500F7C2F9 /* listStarter */ = {
			isa = PBXGroup;
			children = (
				2868405D2A8B8C0500F7C2F9 /* listStarterApp.swift */,
				2868405F2A8B8C0500F7C2F9 /* VideoListView.swift */,
				28452FFB2A961F3500FF0536 /* VideoDetailView.swift */,
				286840882A8B8D6500F7C2F9 /* Video.swift */,
				2868408A2A8B8D7400F7C2F9 /* Assets.xcassets */,
				286840632A8B8C0600F7C2F9 /* listStarter.entitlements */,
				286840642A8B8C0600F7C2F9 /* Preview Content */,
			);
			path = listStarter;
			sourceTree = "<group>";
		};
		286840642A8B8C0600F7C2F9 /* Preview Content */ = {
			isa = PBXGroup;
			children = (
				286840652A8B8C0600F7C2F9 /* Preview Assets.xcassets */,
			);
			path = "Preview Content";
			sourceTree = "<group>";
		};
		2868406E2A8B8C0600F7C2F9 /* listStarterTests */ = {
			isa = PBXGroup;
			children = (
				2868406F2A8B8C0600F7C2F9 /* listStarterTests.swift */,
			);
			path = listStarterTests;
			sourceTree = "<group>";
		};
		286840782A8B8C0600F7C2F9 /* listStarterUITests */ = {
			isa = PBXGroup;
			children = (
				286840792A8B8C0600F7C2F9 /* listStarterUITests.swift */,
				2868407B2A8B8C0600F7C2F9 /* listStarterUITestsLaunchTests.swift */,
			);
			path = listStarterUITests;
			sourceTree = "<group>";
		};
/* End PBXGroup section */

/* Begin PBXNativeTarget section */
		286840592A8B8C0500F7C2F9 /* listStarter */ = {
			isa = PBXNativeTarget;
			buildConfigurationList = 2868407F2A8B8C0600F7C2F9 /* Build configuration list for PBXNativeTarget "listStarter" */;
			buildPhases = (
				286840562A8B8C0500F7C2F9 /* Sources */,
				286840572A8B8C0500F7C2F9 /* Frameworks */,
				286840582A8B8C0500F7C2F9 /* Resources */,
			);
			buildRules = (
			);
			dependencies = (
			);
			name = listStarter;
			productName = listStarter;
			productReference = 2868405A2A8B8C0500F7C2F9 /* listStarter.app */;
			productType = "com.apple.product-type.application";
		};
		2868406A2A8B8C0600F7C2F9 /* listStarterTests */ = {
			isa = PBXNativeTarget;
			buildConfigurationList = 286840822A8B8C0600F7C2F9 /* Build configuration list for PBXNativeTarget "listStarterTests" */;
			buildPhases = (
				286840672A8B8C0600F7C2F9 /* Sources */,
				286840682A8B8C0600F7C2F9 /* Frameworks */,
				286840692A8B8C0600F7C2F9 /* Resources */,
			);
			buildRules = (
			);
			dependencies = (
				2868406D2A8B8C0600F7C2F9 /* PBXTargetDependency */,
			);
			name = listStarterTests;
			productName = listStarterTests;
			productReference = 2868406B2A8B8C0600F7C2F9 /* listStarterTests.xctest */;
			productType = "com.apple.product-type.bundle.unit-test";
		};
		286840742A8B8C0600F7C2F9 /* listStarterUITests */ = {
			isa = PBXNativeTarget;
			buildConfigurationList = 286840852A8B8C0600F7C2F9 /* Build configuration list for PBXNativeTarget "listStarterUITests" */;
			buildPhases = (
				286840712A8B8C0600F7C2F9 /* Sources */,
				286840722A8B8C0600F7C2F9 /* Frameworks */,
				286840732A8B8C0600F7C2F9 /* Resources */,
			);
			buildRules = (
			);
			dependencies = (
				286840772A8B8C0600F7C2F9 /* PBXTargetDependency */,
			);
			name = listStarterUITests;
			productName = listStarterUITests;
			productReference = 286840752A8B8C0600F7C2F9 /* listStarterUITests.xctest */;
			productType = "com.apple.product-type.bundle.ui-testing";
		};
/* End PBXNativeTarget section */

/* Begin PBXProject section */
		286840522A8B8C0500F7C2F9 /* Project object */ = {
			isa = PBXProject;
			attributes = {
				BuildIndependentTargetsInParallel = 1;
				LastSwiftUpdateCheck = 1430;
				LastUpgradeCheck = 1430;
				TargetAttributes = {
					286840592A8B8C0500F7C2F9 = {
						CreatedOnToolsVersion = 14.3.1;
					};
					2868406A2A8B8C0600F7C2F9 = {
						CreatedOnToolsVersion = 14.3.1;
						TestTargetID = 286840592A8B8C0500F7C2F9;
					};
					286840742A8B8C0600F7C2F9 = {
						CreatedOnToolsVersion = 14.3.1;
						TestTargetID = 286840592A8B8C0500F7C2F9;
					};
				};
			};
			buildConfigurationList = 286840552A8B8C0500F7C2F9 /* Build configuration list for PBXProject "listStarter" */;
			compatibilityVersion = "Xcode 14.0";
			developmentRegion = en;
			hasScannedForEncodings = 0;
			knownRegions = (
				en,
				Base,
			);
			mainGroup = 286840512A8B8C0500F7C2F9;
			productRefGroup = 2868405B2A8B8C0500F7C2F9 /* Products */;
			projectDirPath = "";
			projectRoot = "";
			targets = (
				286840592A8B8C0500F7C2F9 /* listStarter */,
				2868406A2A8B8C0600F7C2F9 /* listStarterTests */,
				286840742A8B8C0600F7C2F9 /* listStarterUITests */,
			);
		};
/* End PBXProject section */

/* Begin PBXResourcesBuildPhase section */
		286840582A8B8C0500F7C2F9 /* Resources */ = {
			isa = PBXResourcesBuildPhase;
			buildActionMask = 2147483647;
			files = (
				286840662A8B8C0600F7C2F9 /* Preview Assets.xcassets in Resources */,
				2868408B2A8B8D7400F7C2F9 /* Assets.xcassets in Resources */,
			);
			runOnlyForDeploymentPostprocessing = 0;
		};
		286840692A8B8C0600F7C2F9 /* Resources */ = {
			isa = PBXResourcesBuildPhase;
			buildActionMask = 2147483647;
			files = (
			);
			runOnlyForDeploymentPostprocessing = 0;
		};
		286840732A8B8C0600F7C2F9 /* Resources */ = {
			isa = PBXResourcesBuildPhase;
			buildActionMask = 2147483647;
			files = (
			);
			runOnlyForDeploymentPostprocessing = 0;
		};
/* End PBXResourcesBuildPhase section */

/* Begin PBXSourcesBuildPhase section */
		286840562A8B8C0500F7C2F9 /* Sources */ = {
			isa = PBXSourcesBuildPhase;
			buildActionMask = 2147483647;
			files = (
				286840602A8B8C0500F7C2F9 /* VideoListView.swift in Sources */,
				28452FFC2A961F3500FF0536 /* VideoDetailView.swift in Sources */,
				286840892A8B8D6500F7C2F9 /* Video.swift in Sources */,
				2868405E2A8B8C0500F7C2F9 /* listStarterApp.swift in Sources */,
			);
			runOnlyForDeploymentPostprocessing = 0;
		};
		286840672A8B8C0600F7C2F9 /* Sources */ = {
			isa = PBXSourcesBuildPhase;
			buildActionMask = 2147483647;
			files = (
				286840702A8B8C0600F7C2F9 /* listStarterTests.swift in Sources */,
			);
			runOnlyForDeploymentPostprocessing = 0;
		};
		286840712A8B8C0600F7C2F9 /* Sources */ = {
			isa = PBXSourcesBuildPhase;
			buildActionMask = 2147483647;
			files = (
				2868407C2A8B8C0600F7C2F9 /* listStarterUITestsLaunchTests.swift in Sources */,
				2868407A2A8B8C0600F7C2F9 /* listStarterUITests.swift in Sources */,
			);
			runOnlyForDeploymentPostprocessing = 0;
		};
/* End PBXSourcesBuildPhase section */

/* Begin PBXTargetDependency section */
		2868406D2A8B8C0600F7C2F9 /* PBXTargetDependency */ = {
			isa = PBXTargetDependency;
			target = 286840592A8B8C0500F7C2F9 /* listStarter */;
			targetProxy = 2868406C2A8B8C0600F7C2F9 /* PBXContainerItemProxy */;
		};
		286840772A8B8C0600F7C2F9 /* PBXTargetDependency */ = {
			isa = PBXTargetDependency;
			target = 286840592A8B8C0500F7C2F9 /* listStarter */;
			targetProxy = 286840762A8B8C0600F7C2F9 /* PBXContainerItemProxy */;
		};
/* End PBXTargetDependency section */

/* Begin XCBuildConfiguration section */
		2868407D2A8B8C0600F7C2F9 /* Debug */ = {
			isa = XCBuildConfiguration;
			buildSettings = {
				ALWAYS_SEARCH_USER_PATHS = NO;
				CLANG_ANALYZER_NONNULL = YES;
				CLANG_ANALYZER_NUMBER_OBJECT_CONVERSION = YES_AGGRESSIVE;
				CLANG_CXX_LANGUAGE_STANDARD = "gnu++20";
				CLANG_ENABLE_MODULES = YES;
				CLANG_ENABLE_OBJC_ARC = YES;
				CLANG_ENABLE_OBJC_WEAK = YES;
				CLANG_WARN_BLOCK_CAPTURE_AUTORELEASING = YES;
				CLANG_WARN_BOOL_CONVERSION = YES;
				CLANG_WARN_COMMA = YES;
				CLANG_WARN_CONSTANT_CONVERSION = YES;
				CLANG_WARN_DEPRECATED_OBJC_IMPLEMENTATIONS = YES;
				CLANG_WARN_DIRECT_OBJC_ISA_USAGE = YES_ERROR;
				CLANG_WARN_DOCUMENTATION_COMMENTS = YES;
				CLANG_WARN_EMPTY_BODY = YES;
				CLANG_WARN_ENUM_CONVERSION = YES;
				CLANG_WARN_INFINITE_RECURSION = YES;
				CLANG_WARN_INT_CONVERSION = YES;
				CLANG_WARN_NON_LITERAL_NULL_CONVERSION = YES;
				CLANG_WARN_OBJC_IMPLICIT_RETAIN_SELF = YES;
				CLANG_WARN_OBJC_LITERAL_CONVERSION = YES;
				CLANG_WARN_OBJC_ROOT_CLASS = YES_ERROR;
				CLANG_WARN_QUOTED_INCLUDE_IN_FRAMEWORK_HEADER = YES;
				CLANG_WARN_RANGE_LOOP_ANALYSIS = YES;
				CLANG_WARN_STRICT_PROTOTYPES = YES;
				CLANG_WARN_SUSPICIOUS_MOVE = YES;
				CLANG_WARN_UNGUARDED_AVAILABILITY = YES_AGGRESSIVE;
				CLANG_WARN_UNREACHABLE_CODE = YES;
				CLANG_WARN__DUPLICATE_METHOD_MATCH = YES;
				COPY_PHASE_STRIP = NO;
				DEBUG_INFORMATION_FORMAT = dwarf;
				ENABLE_STRICT_OBJC_MSGSEND = YES;
				ENABLE_TESTABILITY = YES;
				GCC_C_LANGUAGE_STANDARD = gnu11;
				GCC_DYNAMIC_NO_PIC = NO;
				GCC_NO_COMMON_BLOCKS = YES;
				GCC_OPTIMIZATION_LEVEL = 0;
				GCC_PREPROCESSOR_DEFINITIONS = (
					"DEBUG=1",
					"$(inherited)",
				);
				GCC_WARN_64_TO_32_BIT_CONVERSION = YES;
				GCC_WARN_ABOUT_RETURN_TYPE = YES_ERROR;
				GCC_WARN_UNDECLARED_SELECTOR = YES;
				GCC_WARN_UNINITIALIZED_AUTOS = YES_AGGRESSIVE;
				GCC_WARN_UNUSED_FUNCTION = YES;
				GCC_WARN_UNUSED_VARIABLE = YES;
				MTL_ENABLE_DEBUG_INFO = INCLUDE_SOURCE;
				MTL_FAST_MATH = YES;
				ONLY_ACTIVE_ARCH = YES;
				SWIFT_ACTIVE_COMPILATION_CONDITIONS = DEBUG;
				SWIFT_OPTIMIZATION_LEVEL = "-Onone";
			};
			name = Debug;
		};
		2868407E2A8B8C0600F7C2F9 /* Release */ = {
			isa = XCBuildConfiguration;
			buildSettings = {
				ALWAYS_SEARCH_USER_PATHS = NO;
				CLANG_ANALYZER_NONNULL = YES;
				CLANG_ANALYZER_NUMBER_OBJECT_CONVERSION = YES_AGGRESSIVE;
				CLANG_CXX_LANGUAGE_STANDARD = "gnu++20";
				CLANG_ENABLE_MODULES = YES;
				CLANG_ENABLE_OBJC_ARC = YES;
				CLANG_ENABLE_OBJC_WEAK = YES;
				CLANG_WARN_BLOCK_CAPTURE_AUTORELEASING = YES;
				CLANG_WARN_BOOL_CONVERSION = YES;
				CLANG_WARN_COMMA = YES;
				CLANG_WARN_CONSTANT_CONVERSION = YES;
				CLANG_WARN_DEPRECATED_OBJC_IMPLEMENTATIONS = YES;
				CLANG_WARN_DIRECT_OBJC_ISA_USAGE = YES_ERROR;
				CLANG_WARN_DOCUMENTATION_COMMENTS = YES;
				CLANG_WARN_EMPTY_BODY = YES;
				CLANG_WARN_ENUM_CONVERSION = YES;
				CLANG_WARN_INFINITE_RECURSION = YES;
				CLANG_WARN_INT_CONVERSION = YES;
				CLANG_WARN_NON_LITERAL_NULL_CONVERSION = YES;
				CLANG_WARN_OBJC_IMPLICIT_RETAIN_SELF = YES;
				CLANG_WARN_OBJC_LITERAL_CONVERSION = YES;
				CLANG_WARN_OBJC_ROOT_CLASS = YES_ERROR;
				CLANG_WARN_QUOTED_INCLUDE_IN_FRAMEWORK_HEADER = YES;
				CLANG_WARN_RANGE_LOOP_ANALYSIS = YES;
				CLANG_WARN_STRICT_PROTOTYPES = YES;
				CLANG_WARN_SUSPICIOUS_MOVE = YES;
				CLANG_WARN_UNGUARDED_AVAILABILITY = YES_AGGRESSIVE;
				CLANG_WARN_UNREACHABLE_CODE = YES;
				CLANG_WARN__DUPLICATE_METHOD_MATCH = YES;
				COPY_PHASE_STRIP = NO;
				DEBUG_INFORMATION_FORMAT = "dwarf-with-dsym";
				ENABLE_NS_ASSERTIONS = NO;
				ENABLE_STRICT_OBJC_MSGSEND = YES;
				GCC_C_LANGUAGE_STANDARD = gnu11;
				GCC_NO_COMMON_BLOCKS = YES;
				GCC_WARN_64_TO_32_BIT_CONVERSION = YES;
				GCC_WARN_ABOUT_RETURN_TYPE = YES_ERROR;
				GCC_WARN_UNDECLARED_SELECTOR = YES;
				GCC_WARN_UNINITIALIZED_AUTOS = YES_AGGRESSIVE;
				GCC_WARN_UNUSED_FUNCTION = YES;
				GCC_WARN_UNUSED_VARIABLE = YES;
				MTL_ENABLE_DEBUG_INFO = NO;
				MTL_FAST_MATH = YES;
				SWIFT_COMPILATION_MODE = wholemodule;
				SWIFT_OPTIMIZATION_LEVEL = "-O";
			};
			name = Release;
		};
		286840802A8B8C0600F7C2F9 /* Debug */ = {
			isa = XCBuildConfiguration;
			buildSettings = {
				ASSETCATALOG_COMPILER_APPICON_NAME = AppIcon;
				ASSETCATALOG_COMPILER_GLOBAL_ACCENT_COLOR_NAME = AccentColor;
				CODE_SIGN_ENTITLEMENTS = listStarter/listStarter.entitlements;
				CODE_SIGN_STYLE = Automatic;
				CURRENT_PROJECT_VERSION = 1;
				DEVELOPMENT_ASSET_PATHS = "\"listStarter/Preview Content\"";
				ENABLE_PREVIEWS = YES;
				GENERATE_INFOPLIST_FILE = YES;
				"INFOPLIST_KEY_UIApplicationSceneManifest_Generation[sdk=iphoneos*]" = YES;
				"INFOPLIST_KEY_UIApplicationSceneManifest_Generation[sdk=iphonesimulator*]" = YES;
				"INFOPLIST_KEY_UIApplicationSupportsIndirectInputEvents[sdk=iphoneos*]" = YES;
				"INFOPLIST_KEY_UIApplicationSupportsIndirectInputEvents[sdk=iphonesimulator*]" = YES;
				"INFOPLIST_KEY_UILaunchScreen_Generation[sdk=iphoneos*]" = YES;
				"INFOPLIST_KEY_UILaunchScreen_Generation[sdk=iphonesimulator*]" = YES;
				"INFOPLIST_KEY_UIStatusBarStyle[sdk=iphoneos*]" = UIStatusBarStyleDefault;
				"INFOPLIST_KEY_UIStatusBarStyle[sdk=iphonesimulator*]" = UIStatusBarStyleDefault;
				INFOPLIST_KEY_UISupportedInterfaceOrientations_iPad = "UIInterfaceOrientationPortrait UIInterfaceOrientationPortraitUpsideDown UIInterfaceOrientationLandscapeLeft UIInterfaceOrientationLandscapeRight";
				INFOPLIST_KEY_UISupportedInterfaceOrientations_iPhone = "UIInterfaceOrientationPortrait UIInterfaceOrientationLandscapeLeft UIInterfaceOrientationLandscapeRight";
				IPHONEOS_DEPLOYMENT_TARGET = 16.4;
				LD_RUNPATH_SEARCH_PATHS = "@executable_path/Frameworks";
				"LD_RUNPATH_SEARCH_PATHS[sdk=macosx*]" = "@executable_path/../Frameworks";
				MACOSX_DEPLOYMENT_TARGET = 13.2;
				MARKETING_VERSION = 1.0;
				PRODUCT_BUNDLE_IDENTIFIER = com.burcukamilcelebi.listStarter;
				PRODUCT_NAME = "$(TARGET_NAME)";
				SDKROOT = auto;
				SUPPORTED_PLATFORMS = "iphoneos iphonesimulator macosx";
				SWIFT_EMIT_LOC_STRINGS = YES;
				SWIFT_VERSION = 5.0;
				TARGETED_DEVICE_FAMILY = "1,2";
			};
			name = Debug;
		};
		286840812A8B8C0600F7C2F9 /* Release */ = {
			isa = XCBuildConfiguration;
			buildSettings = {
				ASSETCATALOG_COMPILER_APPICON_NAME = AppIcon;
				ASSETCATALOG_COMPILER_GLOBAL_ACCENT_COLOR_NAME = AccentColor;
				CODE_SIGN_ENTITLEMENTS = listStarter/listStarter.entitlements;
				CODE_SIGN_STYLE = Automatic;
				CURRENT_PROJECT_VERSION = 1;
				DEVELOPMENT_ASSET_PATHS = "\"listStarter/Preview Content\"";
				ENABLE_PREVIEWS = YES;
				GENERATE_INFOPLIST_FILE = YES;
				"INFOPLIST_KEY_UIApplicationSceneManifest_Generation[sdk=iphoneos*]" = YES;
				"INFOPLIST_KEY_UIApplicationSceneManifest_Generation[sdk=iphonesimulator*]" = YES;
				"INFOPLIST_KEY_UIApplicationSupportsIndirectInputEvents[sdk=iphoneos*]" = YES;
				"INFOPLIST_KEY_UIApplicationSupportsIndirectInputEvents[sdk=iphonesimulator*]" = YES;
				"INFOPLIST_KEY_UILaunchScreen_Generation[sdk=iphoneos*]" = YES;
				"INFOPLIST_KEY_UILaunchScreen_Generation[sdk=iphonesimulator*]" = YES;
				"INFOPLIST_KEY_UIStatusBarStyle[sdk=iphoneos*]" = UIStatusBarStyleDefault;
				"INFOPLIST_KEY_UIStatusBarStyle[sdk=iphonesimulator*]" = UIStatusBarStyleDefault;
				INFOPLIST_KEY_UISupportedInterfaceOrientations_iPad = "UIInterfaceOrientationPortrait UIInterfaceOrientationPortraitUpsideDown UIInterfaceOrientationLandscapeLeft UIInterfaceOrientationLandscapeRight";
				INFOPLIST_KEY_UISupportedInterfaceOrientations_iPhone = "UIInterfaceOrientationPortrait UIInterfaceOrientationLandscapeLeft UIInterfaceOrientationLandscapeRight";
				IPHONEOS_DEPLOYMENT_TARGET = 16.4;
				LD_RUNPATH_SEARCH_PATHS = "@executable_path/Frameworks";
				"LD_RUNPATH_SEARCH_PATHS[sdk=macosx*]" = "@executable_path/../Frameworks";
				MACOSX_DEPLOYMENT_TARGET = 13.2;
				MARKETING_VERSION = 1.0;
				PRODUCT_BUNDLE_IDENTIFIER = com.burcukamilcelebi.listStarter;
				PRODUCT_NAME = "$(TARGET_NAME)";
				SDKROOT = auto;
				SUPPORTED_PLATFORMS = "iphoneos iphonesimulator macosx";
				SWIFT_EMIT_LOC_STRINGS = YES;
				SWIFT_VERSION = 5.0;
				TARGETED_DEVICE_FAMILY = "1,2";
			};
			name = Release;
		};
		286840832A8B8C0600F7C2F9 /* Debug */ = {
			isa = XCBuildConfiguration;
			buildSettings = {
				ALWAYS_EMBED_SWIFT_STANDARD_LIBRARIES = YES;
				BUNDLE_LOADER = "$(TEST_HOST)";
				CODE_SIGN_STYLE = Automatic;
				CURRENT_PROJECT_VERSION = 1;
				GENERATE_INFOPLIST_FILE = YES;
				IPHONEOS_DEPLOYMENT_TARGET = 16.4;
				MACOSX_DEPLOYMENT_TARGET = 13.2;
				MARKETING_VERSION = 1.0;
				PRODUCT_BUNDLE_IDENTIFIER = com.burcukamilcelebi.listStarterTests;
				PRODUCT_NAME = "$(TARGET_NAME)";
				SDKROOT = auto;
				SUPPORTED_PLATFORMS = "iphoneos iphonesimulator macosx";
				SWIFT_EMIT_LOC_STRINGS = NO;
				SWIFT_VERSION = 5.0;
				TARGETED_DEVICE_FAMILY = "1,2";
				TEST_HOST = "$(BUILT_PRODUCTS_DIR)/listStarter.app/$(BUNDLE_EXECUTABLE_FOLDER_PATH)/listStarter";
			};
			name = Debug;
		};
		286840842A8B8C0600F7C2F9 /* Release */ = {
			isa = XCBuildConfiguration;
			buildSettings = {
				ALWAYS_EMBED_SWIFT_STANDARD_LIBRARIES = YES;
				BUNDLE_LOADER = "$(TEST_HOST)";
				CODE_SIGN_STYLE = Automatic;
				CURRENT_PROJECT_VERSION = 1;
				GENERATE_INFOPLIST_FILE = YES;
				IPHONEOS_DEPLOYMENT_TARGET = 16.4;
				MACOSX_DEPLOYMENT_TARGET = 13.2;
				MARKETING_VERSION = 1.0;
				PRODUCT_BUNDLE_IDENTIFIER = com.burcukamilcelebi.listStarterTests;
				PRODUCT_NAME = "$(TARGET_NAME)";
				SDKROOT = auto;
				SUPPORTED_PLATFORMS = "iphoneos iphonesimulator macosx";
				SWIFT_EMIT_LOC_STRINGS = NO;
				SWIFT_VERSION = 5.0;
				TARGETED_DEVICE_FAMILY = "1,2";
				TEST_HOST = "$(BUILT_PRODUCTS_DIR)/listStarter.app/$(BUNDLE_EXECUTABLE_FOLDER_PATH)/listStarter";
			};
			name = Release;
		};
		286840862A8B8C0600F7C2F9 /* Debug */ = {
			isa = XCBuildConfiguration;
			buildSettings = {
				ALWAYS_EMBED_SWIFT_STANDARD_LIBRARIES = YES;
				CODE_SIGN_STYLE = Automatic;
				CURRENT_PROJECT_VERSION = 1;
				GENERATE_INFOPLIST_FILE = YES;
				IPHONEOS_DEPLOYMENT_TARGET = 16.4;
				MACOSX_DEPLOYMENT_TARGET = 13.2;
				MARKETING_VERSION = 1.0;
				PRODUCT_BUNDLE_IDENTIFIER = com.burcukamilcelebi.listStarterUITests;
				PRODUCT_NAME = "$(TARGET_NAME)";
				SDKROOT = auto;
				SUPPORTED_PLATFORMS = "iphoneos iphonesimulator macosx";
				SWIFT_EMIT_LOC_STRINGS = NO;
				SWIFT_VERSION = 5.0;
				TARGETED_DEVICE_FAMILY = "1,2";
				TEST_TARGET_NAME = listStarter;
			};
			name = Debug;
		};
		286840872A8B8C0600F7C2F9 /* Release */ = {
			isa = XCBuildConfiguration;
			buildSettings = {
				ALWAYS_EMBED_SWIFT_STANDARD_LIBRARIES = YES;
				CODE_SIGN_STYLE = Automatic;
				CURRENT_PROJECT_VERSION = 1;
				GENERATE_INFOPLIST_FILE = YES;
				IPHONEOS_DEPLOYMENT_TARGET = 16.4;
				MACOSX_DEPLOYMENT_TARGET = 13.2;
				MARKETING_VERSION = 1.0;
				PRODUCT_BUNDLE_IDENTIFIER = com.burcukamilcelebi.listStarterUITests;
				PRODUCT_NAME = "$(TARGET_NAME)";
				SDKROOT = auto;
				SUPPORTED_PLATFORMS = "iphoneos iphonesimulator macosx";
				SWIFT_EMIT_LOC_STRINGS = NO;
				SWIFT_VERSION = 5.0;
				TARGETED_DEVICE_FAMILY = "1,2";
				TEST_TARGET_NAME = listStarter;
			};
			name = Release;
		};
/* End XCBuildConfiguration section */

/* Begin XCConfigurationList section */
		286840552A8B8C0500F7C2F9 /* Build configuration list for PBXProject "listStarter" */ = {
			isa = XCConfigurationList;
			buildConfigurations = (
				2868407D2A8B8C0600F7C2F9 /* Debug */,
				2868407E2A8B8C0600F7C2F9 /* Release */,
			);
			defaultConfigurationIsVisible = 0;
			defaultConfigurationName = Release;
		};
		2868407F2A8B8C0600F7C2F9 /* Build configuration list for PBXNativeTarget "listStarter" */ = {
			isa = XCConfigurationList;
			buildConfigurations = (
				286840802A8B8C0600F7C2F9 /* Debug */,
				286840812A8B8C0600F7C2F9 /* Release */,
			);
			defaultConfigurationIsVisible = 0;
			defaultConfigurationName = Release;
		};
		286840822A8B8C0600F7C2F9 /* Build configuration list for PBXNativeTarget "listStarterTests" */ = {
			isa = XCConfigurationList;
			buildConfigurations = (
				286840832A8B8C0600F7C2F9 /* Debug */,
				286840842A8B8C0600F7C2F9 /* Release */,
			);
			defaultConfigurationIsVisible = 0;
			defaultConfigurationName = Release;
		};
		286840852A8B8C0600F7C2F9 /* Build configuration list for PBXNativeTarget "listStarterUITests" */ = {
			isa = XCConfigurationList;
			buildConfigurations = (
				286840862A8B8C0600F7C2F9 /* Debug */,
				286840872A8B8C0600F7C2F9 /* Release */,
			);
			defaultConfigurationIsVisible = 0;
			defaultConfigurationName = Release;
		};
/* End XCConfigurationList section */
	};
	rootObject = 286840522A8B8C0500F7C2F9 /* Project object */;
}
